
Microsoft Visual Studio Solution File, Format Version 12.00
# Visual Studio Version 18
VisualStudioVersion = 18.0.11018.127
MinimumVisualStudioVersion = 10.0.40219.1
Project("{9A19103F-16F7-4668-BE54-9A1E7A4F7556}") = "Plugin.Maui.ML", "src\Plugin.Maui.ML\Plugin.Maui.ML.csproj", "{A1B2C3D4-E5F6-7890-1234-567890ABCDEF}"
EndProject
Project("{9A19103F-16F7-4668-BE54-9A1E7A4F7556}") = "Plugin.Maui.ML.TFLite", "src\Plugin.Maui.ML.TFLite\Plugin.Maui.ML.TFLite.csproj", "{B2C3D4E5-F6A7-8901-2345-678901BCDEF0}"
EndProject
Project("{9A19103F-16F7-4668-BE54-9A1E7A4F7556}") = "Plugin.Maui.ML.Tests", "tests\Plugin.Maui.ML.Tests\Plugin.Maui.ML.Tests.csproj", "{6CE0C3DA-A743-5585-03F1-C5C367E3C79F}"
EndProject
Project("{FAE04EC0-301F-11D3-BF4B-00C04F79EFBC}") = "MauiSample", "samples\MauiSample\MauiSample.csproj", "{5633259E-CAD1-4056-9187-1F8D9BC9F3FE}"
EndProject
Project("{2150E333-8FDC-42A3-9474-1A3956D46DE8}") = "Solution Items", "Solution Items", "{089100B1-113F-4E66-888A-E83F3999EAFD}"
	ProjectSection(SolutionItems) = preProject
		.editorconfig = .editorconfig
		.gitattributes = .gitattributes
		.gitignore = .gitignore
		global.json = global.json
		README.md = README.md
	EndProjectSection
EndProject
Project("{FAE04EC0-301F-11D3-BF4B-00C04F79EFBC}") = "HFOnnxTool", "tools\HFOnnxTool\HFOnnxTool.csproj", "{402BC2B0-322C-C862-99DD-9BE809CFC11E}"
EndProject
Global
	GlobalSection(SolutionConfigurationPlatforms) = preSolution
		Debug|Any CPU = Debug|Any CPU
		Release|Any CPU = Release|Any CPU
	EndGlobalSection
	GlobalSection(ProjectConfigurationPlatforms) = postSolution
		{A1B2C3D4-E5F6-7890-1234-567890ABCDEF}.Debug|Any CPU.ActiveCfg = Debug|Any CPU
		{A1B2C3D4-E5F6-7890-1234-567890ABCDEF}.Debug|Any CPU.Build.0 = Debug|Any CPU
		{A1B2C3D4-E5F6-7890-1234-567890ABCDEF}.Release|Any CPU.ActiveCfg = Release|Any CPU
		{A1B2C3D4-E5F6-7890-1234-567890ABCDEF}.Release|Any CPU.Build.0 = Release|Any CPU
		{B2C3D4E5-F6A7-8901-2345-678901BCDEF0}.Debug|Any CPU.ActiveCfg = Debug|Any CPU
		{B2C3D4E5-F6A7-8901-2345-678901BCDEF0}.Debug|Any CPU.Build.0 = Debug|Any CPU
		{B2C3D4E5-F6A7-8901-2345-678901BCDEF0}.Release|Any CPU.ActiveCfg = Release|Any CPU
		{B2C3D4E5-F6A7-8901-2345-678901BCDEF0}.Release|Any CPU.Build.0 = Release|Any CPU
		{6CE0C3DA-A743-5585-03F1-C5C367E3C79F}.Debug|Any CPU.ActiveCfg = Debug|Any CPU
		{6CE0C3DA-A743-5585-03F1-C5C367E3C79F}.Debug|Any CPU.Build.0 = Debug|Any CPU
		{6CE0C3DA-A743-5585-03F1-C5C367E3C79F}.Release|Any CPU.ActiveCfg = Release|Any CPU
		{6CE0C3DA-A743-5585-03F1-C5C367E3C79F}.Release|Any CPU.Build.0 = Release|Any CPU
		{5633259E-CAD1-4056-9187-1F8D9BC9F3FE}.Debug|Any CPU.ActiveCfg = Debug|Any CPU
		{5633259E-CAD1-4056-9187-1F8D9BC9F3FE}.Debug|Any CPU.Build.0 = Debug|Any CPU
		{5633259E-CAD1-4056-9187-1F8D9BC9F3FE}.Debug|Any CPU.Deploy.0 = Debug|Any CPU
		{5633259E-CAD1-4056-9187-1F8D9BC9F3FE}.Release|Any CPU.ActiveCfg = Release|Any CPU
		{5633259E-CAD1-4056-9187-1F8D9BC9F3FE}.Release|Any CPU.Build.0 = Release|Any CPU
		{5633259E-CAD1-4056-9187-1F8D9BC9F3FE}.Release|Any CPU.Deploy.0 = Release|Any CPU
		{402BC2B0-322C-C862-99DD-9BE809CFC11E}.Debug|Any CPU.ActiveCfg = Debug|Any CPU
		{402BC2B0-322C-C862-99DD-9BE809CFC11E}.Debug|Any CPU.Build.0 = Debug|Any CPU
		{402BC2B0-322C-C862-99DD-9BE809CFC11E}.Release|Any CPU.ActiveCfg = Release|Any CPU
		{402BC2B0-322C-C862-99DD-9BE809CFC11E}.Release|Any CPU.Build.0 = Release|Any CPU
	EndGlobalSection
	GlobalSection(SolutionProperties) = preSolution
		HideSolutionNode = FALSE
	EndGlobalSection
	GlobalSection(ExtensibilityGlobals) = postSolution
		SolutionGuid = {4C647572-605C-4F49-9E70-BBE91830ABB5}
	EndGlobalSection
EndGlobal
